
Microsoft Visual Studio Solution File, Format Version 12.00
# Visual Studio Version 17
VisualStudioVersion = 17.5.002.0
MinimumVisualStudioVersion = 10.0.40219.1
Project("{9A19103F-16F7-4668-BE54-9A1E7A4F7556}") = "part_001", "part_001\part_001.csproj", "{2C07E183-F0FB-408E-9288-B5C4E22D078A}"
EndProject
Global
	GlobalSection(SolutionConfigurationPlatforms) = preSolution
		Debug|Any CPU = Debug|Any CPU
		Release|Any CPU = Release|Any CPU
	EndGlobalSection
	GlobalSection(ProjectConfigurationPlatforms) = postSolution
		{2C07E183-F0FB-408E-9288-B5C4E22D078A}.Debug|Any CPU.ActiveCfg = Debug|Any CPU
		{2C07E183-F0FB-408E-9288-B5C4E22D078A}.Debug|Any CPU.Build.0 = Debug|Any CPU
		{2C07E183-F0FB-408E-9288-B5C4E22D078A}.Release|Any CPU.ActiveCfg = Release|Any CPU
		{2C07E183-F0FB-408E-9288-B5C4E22D078A}.Release|Any CPU.Build.0 = Release|Any CPU
	EndGlobalSection
	GlobalSection(SolutionProperties) = preSolution
		HideSolutionNode = FALSE
	EndGlobalSection
	GlobalSection(ExtensibilityGlobals) = postSolution
		SolutionGuid = {9FC3DE26-A7C6-4DA1-BAC0-41AF6E674E92}
	EndGlobalSection
EndGlobal
